<?xml version="1.0" encoding="UTF-8"?>
<CONFIG>
  <ProjectOptions>
    <Version Value="9"/>
    <PathDelim Value="\"/>
    <General>
      <Flags>
        <LRSInOutputDirectory Value="False"/>
      </Flags>
      <MainUnit Value="0"/>
      <Title Value="project1"/>
      <ActiveWindowIndexAtStart Value="0"/>
    </General>
    <VersionInfo>
      <UseVersionInfo Value="True"/>
      <AutoIncrementBuild Value="True"/>
      <MajorVersionNr Value="1"/>
      <BuildNr Value="10"/>
      <StringTable ProductVersion=""/>
    </VersionInfo>
    <BuildModes Count="2" Active="Release">
      <Item1 Name="Debug" Default="True"/>
      <Item2 Name="Release">
        <CompilerOptions>
          <Version Value="11"/>
          <PathDelim Value="\"/>
          <Target>
            <Filename Value="bestelboek1"/>
          </Target>
          <Parsing>
            <SyntaxOptions>
              <CStyleOperator Value="False"/>
            </SyntaxOptions>
          </Parsing>
          <CodeGeneration>
            <SmartLinkUnit Value="True"/>
            <Optimizations>
              <OptimizationLevel Value="3"/>
            </Optimizations>
          </CodeGeneration>
          <Linking>
            <Debugging>
              <GenerateDebugInfo Value="False"/>
              <UseLineInfoUnit Value="False"/>
              <StripSymbols Value="True"/>
            </Debugging>
            <LinkSmart Value="True"/>
            <Options>
              <Win32>
                <GraphicApplication Value="True"/>
              </Win32>
            </Options>
          </Linking>
          <Other>
            <CompilerMessages>
              <UseMsgFile Value="True"/>
            </CompilerMessages>
            <CompilerPath Value="$(CompPath)"/>
          </Other>
        </CompilerOptions>
      </Item2>
    </BuildModes>
    <PublishOptions>
      <Version Value="2"/>
      <IgnoreBinaries Value="False"/>
      <IncludeFileFilter Value="*.(pas|pp|inc|lfm|lpr|lrs|lpi|lpk|sh|xml)"/>
      <ExcludeFileFilter Value="*.(bak|ppu|ppw|o|so);*~;backup"/>
    </PublishOptions>
    <RunParams>
      <local>
        <FormatVersion Value="1"/>
        <LaunchingApplication PathPlusParams="\usr\X11R6\bin\xterm -T 'Lazarus Run Output' -e $(LazarusDir)\tools\runwait.sh $(TargetCmdLine)"/>
      </local>
    </RunParams>
    <RequiredPackages Count="5">
      <Item1>
        <PackageName Value="lazreport"/>
        <MinVersion Minor="9" Release="5" Valid="True"/>
      </Item1>
      <Item2>
        <PackageName Value="rxnew"/>
        <MinVersion Major="1" Minor="1" Release="5" Build="98" Valid="True"/>
      </Item2>
      <Item3>
        <PackageName Value="FCL"/>
        <MinVersion Major="1" Valid="True"/>
      </Item3>
      <Item4>
        <PackageName Value="zcomponent"/>
        <MinVersion Major="6" Minor="6" Release="3" Valid="True"/>
      </Item4>
      <Item5>
        <PackageName Value="LCL"/>
      </Item5>
    </RequiredPackages>
    <Units Count="66">
      <Unit0>
        <Filename Value="project1.lpr"/>
        <IsPartOfProject Value="True"/>
        <UnitName Value="project1"/>
        <WindowIndex Value="0"/>
        <TopLine Value="4"/>
        <CursorPos X="16" Y="18"/>
        <UsageCount Value="201"/>
      </Unit0>
      <Unit1>
        <Filename Value="unit1.pas"/>
        <IsPartOfProject Value="True"/>
        <ComponentName Value="hoofdmenu"/>
        <HasResources Value="True"/>
        <ResourceBaseClass Value="Form"/>
        <UnitName Value="Unit1"/>
        <EditorIndex Value="0"/>
        <WindowIndex Value="0"/>
        <TopLine Value="1"/>
        <CursorPos X="24" Y="8"/>
        <UsageCount Value="201"/>
        <Loaded Value="True"/>
        <LoadedDesigner Value="True"/>
      </Unit1>
      <Unit2>
        <Filename Value="unit2.pas"/>
        <IsPartOfProject Value="True"/>
        <ComponentName Value="DM"/>
        <HasResources Value="True"/>
        <ResourceBaseClass Value="DataModule"/>
        <UnitName Value="unit2"/>
        <IsVisibleTab Value="True"/>
        <EditorIndex Value="1"/>
        <WindowIndex Value="0"/>
        <TopLine Value="1"/>
        <CursorPos X="15" Y="5"/>
        <UsageCount Value="200"/>
        <Loaded Value="True"/>
        <LoadedDesigner Value="True"/>
      </Unit2>
      <Unit3>
        <Filename Value="unit3.pas"/>
        <IsPartOfProject Value="True"/>
        <ComponentName Value="bestelgroep"/>
        <HasResources Value="True"/>
        <ResourceBaseClass Value="Form"/>
        <UnitName Value="Unit3"/>
        <WindowIndex Value="0"/>
        <TopLine Value="34"/>
        <CursorPos X="3" Y="46"/>
        <UsageCount Value="200"/>
      </Unit3>
      <Unit4>
        <Filename Value="E:\lazarus0927\components\zeosdbo\src\dbc\ZDbcInterbase6Utils.pas"/>
        <UnitName Value="ZDbcInterbase6Utils"/>
        <TopLine Value="807"/>
        <CursorPos X="1" Y="817"/>
        <UsageCount Value="11"/>
      </Unit4>
      <Unit5>
        <Filename Value="unit4.pas"/>
        <IsPartOfProject Value="True"/>
        <ComponentName Value="leverancier"/>
        <HasResources Value="True"/>
        <ResourceBaseClass Value="Form"/>
        <UnitName Value="Unit4"/>
        <WindowIndex Value="0"/>
        <TopLine Value="31"/>
        <CursorPos X="6" Y="43"/>
        <UsageCount Value="200"/>
      </Unit5>
      <Unit6>
        <Filename Value="unit5.pas"/>
        <IsPartOfProject Value="True"/>
        <ComponentName Value="subgroep"/>
        <HasResources Value="True"/>
        <ResourceBaseClass Value="Form"/>
        <UnitName Value="Unit5"/>
        <WindowIndex Value="0"/>
        <TopLine Value="33"/>
        <CursorPos X="13" Y="45"/>
        <UsageCount Value="201"/>
      </Unit6>
      <Unit7>
        <Filename Value="unit6.pas"/>
        <IsPartOfProject Value="True"/>
        <ComponentName Value="dagen"/>
        <HasResources Value="True"/>
        <ResourceBaseClass Value="Form"/>
        <UnitName Value="Unit6"/>
        <WindowIndex Value="0"/>
        <TopLine Value="36"/>
        <CursorPos X="36" Y="48"/>
        <UsageCount Value="201"/>
      </Unit7>
      <Unit8>
        <Filename Value="unit7.pas"/>
        <IsPartOfProject Value="True"/>
        <ComponentName Value="Groep"/>
        <HasResources Value="True"/>
        <ResourceBaseClass Value="Form"/>
        <UnitName Value="Unit7"/>
        <WindowIndex Value="0"/>
        <TopLine Value="15"/>
        <CursorPos X="20" Y="20"/>
        <UsageCount Value="200"/>
      </Unit8>
      <Unit9>
        <Filename Value="E:\lazarus0927\lcl\dbgrids.pas"/>
        <UnitName Value="DBGrids"/>
        <TopLine Value="1366"/>
        <CursorPos X="1" Y="1376"/>
        <UsageCount Value="3"/>
      </Unit9>
      <Unit10>
        <Filename Value="unit8.pas"/>
        <IsPartOfProject Value="True"/>
        <ComponentName Value="bestellingafdrukken"/>
        <HasResources Value="True"/>
        <ResourceBaseClass Value="Form"/>
        <UnitName Value="Unit8"/>
        <WindowIndex Value="0"/>
        <TopLine Value="49"/>
        <CursorPos X="77" Y="54"/>
        <UsageCount Value="208"/>
      </Unit10>
      <Unit11>
        <Filename Value="E:\lazarus0927\components\zeosdbo\src\dbc\ZDbcUtils.pas"/>
        <UnitName Value="ZDbcUtils"/>
        <TopLine Value="361"/>
        <CursorPos X="1" Y="371"/>
        <UsageCount Value="6"/>
      </Unit11>
      <Unit12>
        <Filename Value="E:\lazarus0927\components\zeosdbo\src\component\ZAbstractDataset.pas"/>
        <UnitName Value="ZAbstractDataset"/>
        <TopLine Value="406"/>
        <CursorPos X="1" Y="416"/>
        <UsageCount Value="3"/>
      </Unit12>
      <Unit13>
        <Filename Value="unit9.pas"/>
        <IsPartOfProject Value="True"/>
        <ComponentName Value="StandaardBestelschema"/>
        <HasResources Value="True"/>
        <ResourceBaseClass Value="Form"/>
        <UnitName Value="Unit9"/>
        <WindowIndex Value="0"/>
        <TopLine Value="47"/>
        <CursorPos X="36" Y="59"/>
        <UsageCount Value="200"/>
      </Unit13>
      <Unit14>
        <Filename Value="E:\lazarus0927\lcl\propertystorage.pas"/>
        <UnitName Value="PropertyStorage"/>
        <TopLine Value="554"/>
        <CursorPos X="1" Y="564"/>
        <UsageCount Value="2"/>
      </Unit14>
      <Unit15>
        <Filename Value="unit10.pas"/>
        <IsPartOfProject Value="True"/>
        <ComponentName Value="Bestelschema"/>
        <HasResources Value="True"/>
        <ResourceBaseClass Value="Form"/>
        <UnitName Value="Unit10"/>
        <WindowIndex Value="0"/>
        <TopLine Value="103"/>
        <CursorPos X="28" Y="112"/>
        <UsageCount Value="200"/>
      </Unit15>
      <Unit16>
        <Filename Value="unit2.lfm"/>
        <UsageCount Value="9"/>
        <DefaultSyntaxHighlighter Value="LFM"/>
      </Unit16>
      <Unit17>
        <Filename Value="unit11.pas"/>
        <IsPartOfProject Value="True"/>
        <ComponentName Value="ArtikelBestand"/>
        <HasResources Value="True"/>
        <ResourceBaseClass Value="Form"/>
        <UnitName Value="Unit11"/>
        <WindowIndex Value="0"/>
        <TopLine Value="5"/>
        <CursorPos X="101" Y="17"/>
        <UsageCount Value="200"/>
      </Unit17>
      <Unit18>
        <Filename Value="unit12.pas"/>
        <IsPartOfProject Value="True"/>
        <ComponentName Value="ZoekArtikel"/>
        <HasResources Value="True"/>
        <ResourceBaseClass Value="Form"/>
        <UnitName Value="Unit12"/>
        <WindowIndex Value="0"/>
        <TopLine Value="100"/>
        <CursorPos X="50" Y="107"/>
        <UsageCount Value="200"/>
      </Unit18>
      <Unit19>
        <Filename Value="E:\lazarus0927\components\zeosdbo\src\core\ZSysUtils.pas"/>
        <UnitName Value="ZSysUtils"/>
        <TopLine Value="495"/>
        <CursorPos X="3" Y="506"/>
        <UsageCount Value="9"/>
      </Unit19>
      <Unit20>
        <Filename Value="unit13.pas"/>
        <IsPartOfProject Value="True"/>
        <ComponentName Value="ArtikelOmzet"/>
        <HasResources Value="True"/>
        <ResourceBaseClass Value="Form"/>
        <UnitName Value="Unit13"/>
        <WindowIndex Value="0"/>
        <TopLine Value="175"/>
        <CursorPos X="3" Y="179"/>
        <UsageCount Value="205"/>
      </Unit20>
      <Unit21>
        <Filename Value="unit14.pas"/>
        <IsPartOfProject Value="True"/>
        <ComponentName Value="Scripts"/>
        <HasResources Value="True"/>
        <ResourceBaseClass Value="Form"/>
        <UnitName Value="Unit14"/>
        <WindowIndex Value="0"/>
        <TopLine Value="32"/>
        <CursorPos X="66" Y="41"/>
        <UsageCount Value="201"/>
      </Unit21>
      <Unit22>
        <Filename Value="C:\lazarus\lcl\include\dbedit.inc"/>
        <TopLine Value="97"/>
        <CursorPos X="21" Y="104"/>
        <UsageCount Value="1"/>
      </Unit22>
      <Unit23>
        <Filename Value="C:\lazarus0929\components\lazarus-ccr\components\rx\rxversinfo.pas"/>
        <UnitName Value="RxVersInfo"/>
        <TopLine Value="18"/>
        <CursorPos X="22" Y="38"/>
        <UsageCount Value="9"/>
      </Unit23>
      <Unit24>
        <Filename Value="C:\lazarus\components\zeosdbo-6.6.6\src\dbc\ZDbcInterbase6Metadata.pas"/>
        <UnitName Value="ZDbcInterbase6Metadata"/>
        <WindowIndex Value="0"/>
        <TopLine Value="1692"/>
        <CursorPos X="33" Y="1700"/>
        <UsageCount Value="9"/>
      </Unit24>
      <Unit25>
        <Filename Value="..\..\..\urenregistratie\urenregistratie1.1\urenregistratie1.lpr"/>
        <UnitName Value="urenregistratie1"/>
        <WindowIndex Value="0"/>
        <TopLine Value="1"/>
        <CursorPos X="71" Y="7"/>
        <UsageCount Value="10"/>
      </Unit25>
      <Unit26>
        <Filename Value="baklijstunit.pas"/>
        <IsPartOfProject Value="True"/>
        <ComponentName Value="Form1"/>
        <HasResources Value="True"/>
        <ResourceBaseClass Value="Form"/>
        <UnitName Value="BaklijstUnit"/>
        <WindowIndex Value="0"/>
        <TopLine Value="50"/>
        <CursorPos X="21" Y="63"/>
        <UsageCount Value="170"/>
      </Unit26>
      <Unit27>
        <Filename Value="C:\lazarus\lcl\include\customform.inc"/>
        <WindowIndex Value="0"/>
        <TopLine Value="947"/>
        <CursorPos X="1" Y="957"/>
        <UsageCount Value="10"/>
      </Unit27>
      <Unit28>
        <Filename Value="C:\lazarus\components\zeosdborev878\src\dbc\ZDbcInterbase6Utils.pas"/>
        <UnitName Value="ZDbcInterbase6Utils"/>
        <WindowIndex Value="0"/>
        <TopLine Value="1817"/>
        <CursorPos X="1" Y="1827"/>
        <UsageCount Value="2"/>
      </Unit28>
      <Unit29>
        <Filename Value="C:\lazarus_09304\components\zeosdbo\src\dbc\ZDbcInterbase6Utils.pas"/>
        <UnitName Value="ZDbcInterbase6Utils"/>
        <WindowIndex Value="0"/>
        <TopLine Value="818"/>
        <CursorPos X="1" Y="838"/>
        <UsageCount Value="1"/>
      </Unit29>
      <Unit30>
        <Filename Value="C:\usr\share\lazarus\1.0\zeoslib\src\component\ZAbstractConnection.pas"/>
        <UnitName Value="ZAbstractConnection"/>
        <WindowIndex Value="0"/>
        <TopLine Value="775"/>
        <CursorPos X="1" Y="787"/>
        <UsageCount Value="1"/>
      </Unit30>
      <Unit31>
        <Filename Value="C:\usr\share\lazarus\1.0\zeoslib\src\component\ZAbstractRODataset.pas"/>
        <UnitName Value="ZAbstractRODataset"/>
        <WindowIndex Value="0"/>
        <TopLine Value="1823"/>
        <CursorPos X="1" Y="1835"/>
        <UsageCount Value="1"/>
      </Unit31>
      <Unit32>
        <Filename Value="C:\usr\share\lazarus\1.0\zeoslib\src\plain\ZPlainLoader.pas"/>
        <UnitName Value="ZPlainLoader"/>
        <WindowIndex Value="0"/>
        <TopLine Value="205"/>
        <CursorPos X="44" Y="212"/>
        <UsageCount Value="1"/>
      </Unit32>
      <Unit33>
        <Filename Value="C:\usr\share\lazarus\1.0\zeoslib\src\core\ZCompatibility.pas"/>
        <UnitName Value="ZCompatibility"/>
        <WindowIndex Value="0"/>
        <TopLine Value="153"/>
        <CursorPos X="13" Y="161"/>
        <UsageCount Value="1"/>
      </Unit33>
      <Unit34>
        <Filename Value="C:\usr\share\lazarus\1.0\packager\registration\fcllaz.pas"/>
        <UnitName Value="fcllaz"/>
        <WindowIndex Value="0"/>
        <TopLine Value="1"/>
        <CursorPos X="43" Y="1"/>
        <UsageCount Value="1"/>
      </Unit34>
      <Unit35>
        <Filename Value="baklijstsnelunit.pas"/>
        <IsPartOfProject Value="True"/>
        <ComponentName Value="frmBaklijstBroodjes"/>
        <HasResources Value="True"/>
        <ResourceBaseClass Value="Form"/>
        <UnitName Value="baklijstsnelunit"/>
        <EditorIndex Value="3"/>
        <WindowIndex Value="0"/>
        <TopLine Value="6"/>
        <CursorPos X="28" Y="27"/>
        <UsageCount Value="144"/>
        <Loaded Value="True"/>
        <LoadedDesigner Value="True"/>
      </Unit35>
      <Unit36>
        <Filename Value="C:\usr\share\lazarus\1.0\components\rtticontrols\rttictrls.pas"/>
        <IsPartOfProject Value="True"/>
        <UnitName Value="RTTICtrls"/>
        <WindowIndex Value="0"/>
        <TopLine Value="4082"/>
        <CursorPos X="1" Y="4096"/>
        <UsageCount Value="145"/>
      </Unit36>
      <Unit37>
        <Filename Value="C:\usr\share\lazarus\1.0\lcl\include\customform.inc"/>
        <WindowIndex Value="0"/>
        <TopLine Value="2179"/>
        <CursorPos X="1" Y="2186"/>
        <UsageCount Value="1"/>
      </Unit37>
      <Unit38>
        <Filename Value="baklijstsnelunit.lfm"/>
        <WindowIndex Value="0"/>
        <TopLine Value="1"/>
        <CursorPos X="33" Y="274"/>
        <UsageCount Value="1"/>
        <DefaultSyntaxHighlighter Value="LFM"/>
      </Unit38>
      <Unit39>
        <Filename Value="unit12.lfm"/>
        <WindowIndex Value="0"/>
        <TopLine Value="1"/>
        <CursorPos X="1" Y="1"/>
        <UsageCount Value="1"/>
        <DefaultSyntaxHighlighter Value="LFM"/>
      </Unit39>
      <Unit40>
        <Filename Value="baklijstsnelunit.lrs"/>
        <WindowIndex Value="0"/>
        <TopLine Value="1"/>
        <CursorPos X="1" Y="1"/>
        <UsageCount Value="1"/>
      </Unit40>
      <Unit41>
        <Filename Value="C:\lazarus_10_32\lcl\propertystorage.pas"/>
        <UnitName Value="PropertyStorage"/>
        <WindowIndex Value="0"/>
        <TopLine Value="552"/>
        <CursorPos X="1" Y="567"/>
        <UsageCount Value="2"/>
      </Unit41>
      <Unit42>
        <Filename Value="C:\lazarus_10_32\lcl\interfaces\win32\win32wsbuttons.pp"/>
        <UnitName Value="Win32WSButtons"/>
        <WindowIndex Value="0"/>
        <TopLine Value="482"/>
        <CursorPos X="1" Y="491"/>
        <UsageCount Value="1"/>
      </Unit42>
      <Unit43>
        <Filename Value="C:\lazarus_10_32\lcl\include\control.inc"/>
        <WindowIndex Value="0"/>
        <TopLine Value="1520"/>
        <CursorPos X="1" Y="1530"/>
        <UsageCount Value="2"/>
      </Unit43>
      <Unit44>
        <Filename Value="C:\lazarus_10\zeoslib\src\component\ZAbstractRODataset.pas"/>
        <UnitName Value="ZAbstractRODataset"/>
        <WindowIndex Value="0"/>
        <TopLine Value="897"/>
        <CursorPos X="22" Y="911"/>
        <UsageCount Value="3"/>
      </Unit44>
      <Unit45>
        <Filename Value="C:\usr\share\lazarus\1.2.6\components\lazarus-ccr-svn\components\rx\trunk\dbdateedit.pas"/>
        <UnitName Value="dbdateedit"/>
        <WindowIndex Value="0"/>
        <TopLine Value="419"/>
        <CursorPos X="23" Y="431"/>
        <UsageCount Value="2"/>
      </Unit45>
      <Unit46>
        <Filename Value="baklijstvolgordeunit.pas"/>
        <IsPartOfProject Value="True"/>
        <ComponentName Value="Baklijstvolgordeform"/>
        <HasResources Value="True"/>
        <ResourceBaseClass Value="Form"/>
        <UnitName Value="baklijstvolgordeunit"/>
        <WindowIndex Value="0"/>
        <TopLine Value="26"/>
        <CursorPos X="30" Y="35"/>
        <UsageCount Value="134"/>
      </Unit46>
      <Unit47>
        <Filename Value="..\..\Projecten\vinfo\vinfo.pas"/>
        <UnitName Value="vinfo"/>
        <WindowIndex Value="0"/>
        <TopLine Value="42"/>
        <CursorPos X="26" Y="10"/>
        <UsageCount Value="10"/>
      </Unit47>
      <Unit48>
        <Filename Value="..\..\..\..\usr\share\lazarus\1.2.6\lcl\include\menuitem.inc"/>
        <WindowIndex Value="0"/>
        <TopLine Value="75"/>
        <CursorPos X="1" Y="86"/>
        <UsageCount Value="5"/>
      </Unit48>
      <Unit49>
        <Filename Value="multiplierunit.pas"/>
        <IsPartOfProject Value="True"/>
        <ComponentName Value="FormMultiplier"/>
        <HasResources Value="True"/>
        <ResourceBaseClass Value="Form"/>
        <UnitName Value="multiplierunit"/>
        <WindowIndex Value="0"/>
        <TopLine Value="1"/>
        <CursorPos X="24" Y="9"/>
        <UsageCount Value="96"/>
      </Unit49>
      <Unit50>
        <Filename Value="reclameaanpassendlg.pas"/>
        <IsPartOfProject Value="True"/>
        <ComponentName Value="FormReclameDlg"/>
        <HasResources Value="True"/>
        <ResourceBaseClass Value="Form"/>
        <UnitName Value="reclameaanpassendlg"/>
        <WindowIndex Value="0"/>
        <TopLine Value="34"/>
        <CursorPos X="47" Y="46"/>
        <UsageCount Value="93"/>
      </Unit50>
      <Unit51>
        <Filename Value="..\util_udf\util_udf.lpr"/>
        <UnitName Value="util_udf"/>
        <WindowIndex Value="0"/>
        <TopLine Value="133"/>
        <CursorPos X="22" Y="153"/>
        <UsageCount Value="5"/>
      </Unit51>
      <Unit52>
        <Filename Value="..\..\..\..\usr\share\lazarus\1.2.6\lcl\include\control.inc"/>
        <WindowIndex Value="0"/>
        <TopLine Value="2096"/>
        <CursorPos X="1" Y="2109"/>
        <UsageCount Value="8"/>
      </Unit52>
      <Unit53>
        <Filename Value="..\..\..\..\usr\share\lazarus\1.2.6\lcl\calendar.pp"/>
        <UnitName Value="Calendar"/>
        <WindowIndex Value="0"/>
        <TopLine Value="1"/>
        <CursorPos X="30" Y="1"/>
        <UsageCount Value="6"/>
      </Unit53>
      <Unit54>
        <Filename Value="..\..\..\..\usr\share\lazarus\1.2.6\components\zeosdbo\src\dbc\ZDbcInterbase6Utils.pas"/>
        <UnitName Value="ZDbcInterbase6Utils"/>
        <WindowIndex Value="0"/>
        <TopLine Value="825"/>
        <CursorPos X="42" Y="839"/>
        <UsageCount Value="16"/>
        <DefaultSyntaxHighlighter Value="Delphi"/>
      </Unit54>
      <Unit55>
        <Filename Value="..\..\..\..\usr\share\lazarus\1.2.6\components\zeosdbo\src\component\ZAbstractRODataset.pas"/>
        <UnitName Value="ZAbstractRODataset"/>
        <WindowIndex Value="0"/>
        <TopLine Value="747"/>
        <CursorPos X="35" Y="754"/>
        <UsageCount Value="8"/>
        <DefaultSyntaxHighlighter Value="Delphi"/>
      </Unit55>
      <Unit56>
        <Filename Value="..\..\..\..\usr\share\lazarus\1.2.6\components\zeosdbo\src\dbc\ZDbcUtils.pas"/>
        <UnitName Value="ZDbcUtils"/>
        <WindowIndex Value="0"/>
        <TopLine Value="328"/>
        <CursorPos X="1" Y="339"/>
        <UsageCount Value="8"/>
        <DefaultSyntaxHighlighter Value="Delphi"/>
      </Unit56>
      <Unit57>
        <Filename Value="..\..\..\..\usr\share\lazarus\1.2.6\components\zeosdbo\src\component\ZAbstractDataset.pas"/>
        <UnitName Value="ZAbstractDataset"/>
        <WindowIndex Value="0"/>
        <TopLine Value="421"/>
        <CursorPos X="67" Y="426"/>
        <UsageCount Value="8"/>
        <DefaultSyntaxHighlighter Value="Delphi"/>
      </Unit57>
      <Unit58>
        <Filename Value="..\..\..\..\usr\share\lazarus\1.2.6\lcl\include\wincontrol.inc"/>
        <WindowIndex Value="0"/>
        <TopLine Value="5315"/>
        <CursorPos X="1" Y="5327"/>
        <UsageCount Value="8"/>
      </Unit58>
      <Unit59>
        <Filename Value="..\..\..\..\usr\share\lazarus\1.2.6\lcl\lclmessageglue.pas"/>
        <UnitName Value="LCLMessageGlue"/>
        <WindowIndex Value="0"/>
        <TopLine Value="107"/>
        <CursorPos X="1" Y="123"/>
        <UsageCount Value="8"/>
      </Unit59>
      <Unit60>
        <Filename Value="..\..\..\..\usr\share\lazarus\1.2.6\lcl\interfaces\gtk2\gtk2proc.inc"/>
        <WindowIndex Value="0"/>
        <TopLine Value="2507"/>
        <CursorPos X="1" Y="2522"/>
        <UsageCount Value="8"/>
      </Unit60>
      <Unit61>
        <Filename Value="..\..\..\..\usr\share\lazarus\1.2.6\lcl\interfaces\gtk2\gtk2callback.inc"/>
        <WindowIndex Value="0"/>
        <TopLine Value="890"/>
        <CursorPos X="1" Y="903"/>
        <UsageCount Value="8"/>
      </Unit61>
      <Unit62>
        <Filename Value="..\..\..\..\usr\share\lazarus\1.2.6\lcl\interfaces\gtk2\gtk2widgetset.inc"/>
        <WindowIndex Value="0"/>
        <TopLine Value="2395"/>
        <CursorPos X="1" Y="2408"/>
        <UsageCount Value="8"/>
      </Unit62>
      <Unit63>
        <Filename Value="brooduitverkoopunit.pas"/>
        <ComponentName Value="FormBroodUitverkoop"/>
        <HasResources Value="True"/>
        <ResourceBaseClass Value="Form"/>
        <UnitName Value="brooduitverkoopunit"/>
        <EditorIndex Value="2"/>
        <WindowIndex Value="0"/>
        <TopLine Value="56"/>
        <CursorPos X="3" Y="71"/>
        <UsageCount Value="23"/>
        <Loaded Value="True"/>
        <LoadedDesigner Value="True"/>
      </Unit63>
      <Unit64>
        <Filename Value="brooduitverkoopunit.lfm"/>
        <UsageCount Value="20"/>
        <DefaultSyntaxHighlighter Value="LFM"/>
      </Unit64>
      <Unit65>
        <Filename Value="brooduitverkoopunit.lrs"/>
        <UsageCount Value="20"/>
      </Unit65>
    </Units>
    <JumpHistory Count="28" HistoryIndex="27">
      <Position1>
        <Filename Value="unit1.pas"/>
        <Caret Line="121" Column="39" TopLine="107"/>
      </Position1>
      <Position2>
        <Filename Value="unit1.pas"/>
        <Caret Line="11" Column="123" TopLine="1"/>
      </Position2>
      <Position3>
        <Filename Value="brooduitverkoopunit.pas"/>
        <Caret Line="1" Column="6" TopLine="1"/>
      </Position3>
      <Position4>
        <Filename Value="brooduitverkoopunit.pas"/>
        <Caret Line="9" Column="31" TopLine="1"/>
      </Position4>
      <Position5>
        <Filename Value="brooduitverkoopunit.pas"/>
        <Caret Line="24" Column="22" TopLine="4"/>
      </Position5>
      <Position6>
        <Filename Value="unit1.pas"/>
        <Caret Line="11" Column="113" TopLine="1"/>
      </Position6>
      <Position7>
        <Filename Value="unit1.pas"/>
        <Caret Line="1" Column="3" TopLine="1"/>
      </Position7>
      <Position8>
        <Filename Value="brooduitverkoopunit.pas"/>
        <Caret Line="20" Column="29" TopLine="5"/>
      </Position8>
      <Position9>
        <Filename Value="brooduitverkoopunit.pas"/>
        <Caret Line="25" Column="29" TopLine="5"/>
      </Position9>
      <Position10>
        <Filename Value="brooduitverkoopunit.pas"/>
        <Caret Line="12" Column="31" TopLine="5"/>
      </Position10>
      <Position11>
        <Filename Value="brooduitverkoopunit.pas"/>
        <Caret Line="19" Column="69" TopLine="5"/>
      </Position11>
      <Position12>
        <Filename Value="brooduitverkoopunit.pas"/>
        <Caret Line="34" Column="20" TopLine="26"/>
      </Position12>
      <Position13>
        <Filename Value="brooduitverkoopunit.pas"/>
        <Caret Line="59" Column="29" TopLine="37"/>
      </Position13>
      <Position14>
        <Filename Value="brooduitverkoopunit.pas"/>
        <Caret Line="10" Column="22" TopLine="1"/>
      </Position14>
      <Position15>
        <Filename Value="brooduitverkoopunit.pas"/>
        <Caret Line="48" Column="3" TopLine="45"/>
      </Position15>
      <Position16>
        <Filename Value="brooduitverkoopunit.pas"/>
        <Caret Line="47" Column="3" TopLine="44"/>
      </Position16>
      <Position17>
        <Filename Value="brooduitverkoopunit.pas"/>
        <Caret Line="39" Column="18" TopLine="36"/>
      </Position17>
      <Position18>
        <Filename Value="brooduitverkoopunit.pas"/>
        <Caret Line="46" Column="71" TopLine="37"/>
      </Position18>
      <Position19>
        <Filename Value="brooduitverkoopunit.pas"/>
        <Caret Line="47" Column="71" TopLine="38"/>
      </Position19>
      <Position20>
        <Filename Value="brooduitverkoopunit.pas"/>
        <Caret Line="46" Column="71" TopLine="37"/>
      </Position20>
      <Position21>
        <Filename Value="baklijstsnelunit.pas"/>
        <Caret Line="115" Column="35" TopLine="92"/>
      </Position21>
      <Position22>
        <Filename Value="brooduitverkoopunit.pas"/>
        <Caret Line="58" Column="27" TopLine="47"/>
      </Position22>
      <Position23>
        <Filename Value="brooduitverkoopunit.pas"/>
        <Caret Line="11" Column="46" TopLine="1"/>
      </Position23>
      <Position24>
        <Filename Value="baklijstsnelunit.pas"/>
        <Caret Line="27" Column="28" TopLine="5"/>
      </Position24>
      <Position25>
        <Filename Value="baklijstsnelunit.pas"/>
        <Caret Line="28" Column="28" TopLine="6"/>
      </Position25>
      <Position26>
        <Filename Value="baklijstsnelunit.pas"/>
        <Caret Line="27" Column="28" TopLine="6"/>
      </Position26>
      <Position27>
        <Filename Value="brooduitverkoopunit.pas"/>
        <Caret Line="11" Column="46" TopLine="1"/>
      </Position27>
      <Position28>
        <Filename Value="unit2.pas"/>
        <Caret Line="5" Column="15" TopLine="1"/>
      </Position28>
    </JumpHistory>
  </ProjectOptions>
  <CompilerOptions>
    <Version Value="11"/>
    <PathDelim Value="\"/>
    <Target>
      <Filename Value="bestelboek1"/>
    </Target>
    <SearchPaths>
      <Libraries Value="\usr\share\lazarus\1.0\components\rtticontrols\"/>
      <OtherUnitFiles Value="\usr\share\lazarus\1.0\components\rtticontrols\"/>
    </SearchPaths>
    <Parsing>
      <SyntaxOptions>
        <CStyleOperator Value="False"/>
        <UseAnsiStrings Value="False"/>
      </SyntaxOptions>
    </Parsing>
    <CodeGeneration>
      <SmartLinkUnit Value="True"/>
      <TargetCPU Value="x86_64"/>
      <TargetOS Value="linux"/>
      <Optimizations>
        <OptimizationLevel Value="3"/>
      </Optimizations>
    </CodeGeneration>
    <Linking>
      <LinkSmart Value="True"/>
      <Options>
        <Win32>
          <GraphicApplication Value="True"/>
        </Win32>
      </Options>
    </Linking>
    <Other>
      <Verbosity>
        <ShowDebugInfo Value="True"/>
      </Verbosity>
      <CompilerMessages>
        <UseMsgFile Value="True"/>
      </CompilerMessages>
      <CompilerPath Value="$(CompPath)"/>
    </Other>
  </CompilerOptions>
  <Debugging>
    <BreakPoints Count="1">
      <Item1>
        <Kind Value="bpkData"/>
        <WatchData Value="edit.text"/>
        <WatchScope Value="wpsGlobal"/>
        <WatchKind Value="wpkWrite"/>
        <InitialEnabled Value="False"/>
      </Item1>
    </BreakPoints>
    <Exceptions Count="2">
      <Item1>
        <Name Value="ECodetoolError"/>
      </Item1>
      <Item2>
        <Name Value="EFOpenError"/>
      </Item2>
    </Exceptions>
  </Debugging>
  <EditorMacros Count="0"/>
</CONFIG>