<?xml version="1.0" encoding="UTF-8"?>
<CONFIG>
  <ProjectOptions>
    <Version Value="10"/>
    <PathDelim Value="\"/>
    <General>
      <Flags>
        <LRSInOutputDirectory Value="False"/>
      </Flags>
      <MainUnit Value="0"/>
      <Title Value="project1"/>
    </General>
    <VersionInfo>
      <UseVersionInfo Value="True"/>
      <AutoIncrementBuild Value="True"/>
      <MajorVersionNr Value="1"/>
      <BuildNr Value="10"/>
    </VersionInfo>
    <BuildModes Count="2" Active="Release">
      <Item1 Name="Debug" Default="True"/>
      <Item2 Name="Release">
        <CompilerOptions>
          <Version Value="11"/>
          <PathDelim Value="\"/>
          <Target>
            <Filename Value="bestelboek1"/>
          </Target>
          <Parsing>
            <SyntaxOptions>
              <CStyleOperator Value="False"/>
            </SyntaxOptions>
          </Parsing>
          <CodeGeneration>
            <SmartLinkUnit Value="True"/>
            <Optimizations>
              <OptimizationLevel Value="3"/>
            </Optimizations>
          </CodeGeneration>
          <Linking>
            <Debugging>
              <GenerateDebugInfo Value="False"/>
              <UseLineInfoUnit Value="False"/>
              <StripSymbols Value="True"/>
            </Debugging>
            <LinkSmart Value="True"/>
            <Options>
              <Win32>
                <GraphicApplication Value="True"/>
              </Win32>
            </Options>
          </Linking>
          <Other>
            <CompilerMessages>
              <IgnoredMessages idx11031="True" idx11030="True" idx11017="True" idx11007="True" idx7039="True" idx6048="True" idx5062="True" idx5060="True" idx5058="True" idx5057="True" idx5039="True" idx5028="True" idx5026="True" idx5024="True" idx5023="True" idx5003="True" idx4081="True" idx4080="True" idx4079="True" idx4055="True" idx4049="True" idx4047="True" idx4035="True" idx4015="True" idx3280="True" idx3274="True" idx3270="True" idx3189="True" idx3187="True" idx3126="True" idx3124="True" idx3123="True" idx2026="True"/>
            </CompilerMessages>
          </Other>
        </CompilerOptions>
      </Item2>
    </BuildModes>
    <PublishOptions>
      <Version Value="2"/>
      <IgnoreBinaries Value="False"/>
      <IncludeFileFilter Value="*.(pas|pp|inc|lfm|lpr|lrs|lpi|lpk|sh|xml)"/>
      <ExcludeFileFilter Value="*.(bak|ppu|ppw|o|so);*~;backup"/>
    </PublishOptions>
    <RunParams>
      <local>
        <FormatVersion Value="1"/>
        <LaunchingApplication PathPlusParams="\usr\X11R6\bin\xterm -T 'Lazarus Run Output' -e $(LazarusDir)\tools\runwait.sh $(TargetCmdLine)"/>
      </local>
    </RunParams>
    <RequiredPackages Count="6">
      <Item1>
        <PackageName Value="rxdbgrid_export_spreadsheet"/>
      </Item1>
      <Item2>
        <PackageName Value="lazreport"/>
        <MinVersion Minor="9" Release="5" Valid="True"/>
      </Item2>
      <Item3>
        <PackageName Value="rxnew"/>
        <MinVersion Major="1" Minor="1" Release="5" Build="98" Valid="True"/>
      </Item3>
      <Item4>
        <PackageName Value="FCL"/>
        <MinVersion Major="1" Valid="True"/>
      </Item4>
      <Item5>
        <PackageName Value="zcomponent"/>
        <MinVersion Major="6" Minor="6" Release="3" Valid="True"/>
      </Item5>
      <Item6>
        <PackageName Value="LCL"/>
      </Item6>
    </RequiredPackages>
    <Units Count="28">
      <Unit0>
        <Filename Value="project1.lpr"/>
        <IsPartOfProject Value="True"/>
        <EditorIndex Value="2"/>
        <TopLine Value="4"/>
        <CursorPos X="20" Y="19"/>
        <UsageCount Value="201"/>
        <Loaded Value="True"/>
      </Unit0>
      <Unit1>
        <Filename Value="unit1.pas"/>
        <IsPartOfProject Value="True"/>
        <ComponentName Value="hoofdmenu"/>
        <HasResources Value="True"/>
        <ResourceBaseClass Value="Form"/>
        <UnitName Value="Unit1"/>
        <CursorPos X="118" Y="11"/>
        <UsageCount Value="201"/>
        <Loaded Value="True"/>
        <LoadedDesigner Value="True"/>
      </Unit1>
      <Unit2>
        <Filename Value="unit2.pas"/>
        <IsPartOfProject Value="True"/>
        <ComponentName Value="DM"/>
        <HasResources Value="True"/>
        <ResourceBaseClass Value="DataModule"/>
        <EditorIndex Value="3"/>
        <TopLine Value="320"/>
        <CursorPos X="3" Y="322"/>
        <UsageCount Value="200"/>
        <Loaded Value="True"/>
        <LoadedDesigner Value="True"/>
      </Unit2>
      <Unit3>
        <Filename Value="unit3.pas"/>
        <IsPartOfProject Value="True"/>
        <ComponentName Value="bestelgroep"/>
        <HasResources Value="True"/>
        <ResourceBaseClass Value="Form"/>
        <UnitName Value="Unit3"/>
        <EditorIndex Value="-1"/>
        <TopLine Value="32"/>
        <CursorPos X="14" Y="53"/>
        <UsageCount Value="200"/>
      </Unit3>
      <Unit4>
        <Filename Value="unit4.pas"/>
        <IsPartOfProject Value="True"/>
        <ComponentName Value="leverancier"/>
        <HasResources Value="True"/>
        <ResourceBaseClass Value="Form"/>
        <UnitName Value="Unit4"/>
        <EditorIndex Value="-1"/>
        <TopLine Value="32"/>
        <CursorPos X="14" Y="53"/>
        <UsageCount Value="200"/>
      </Unit4>
      <Unit5>
        <Filename Value="unit5.pas"/>
        <IsPartOfProject Value="True"/>
        <ComponentName Value="subgroep"/>
        <HasResources Value="True"/>
        <ResourceBaseClass Value="Form"/>
        <UnitName Value="Unit5"/>
        <EditorIndex Value="-1"/>
        <TopLine Value="37"/>
        <CursorPos X="11" Y="51"/>
        <UsageCount Value="201"/>
      </Unit5>
      <Unit6>
        <Filename Value="unit6.pas"/>
        <IsPartOfProject Value="True"/>
        <ComponentName Value="dagen"/>
        <HasResources Value="True"/>
        <ResourceBaseClass Value="Form"/>
        <UnitName Value="Unit6"/>
        <EditorIndex Value="-1"/>
        <TopLine Value="37"/>
        <CursorPos X="67" Y="39"/>
        <UsageCount Value="201"/>
      </Unit6>
      <Unit7>
        <Filename Value="unit7.pas"/>
        <IsPartOfProject Value="True"/>
        <ComponentName Value="Groep"/>
        <HasResources Value="True"/>
        <ResourceBaseClass Value="Form"/>
        <UnitName Value="Unit7"/>
        <EditorIndex Value="-1"/>
        <TopLine Value="42"/>
        <CursorPos X="8" Y="63"/>
        <UsageCount Value="200"/>
      </Unit7>
      <Unit8>
        <Filename Value="unit8.pas"/>
        <IsPartOfProject Value="True"/>
        <ComponentName Value="bestellingafdrukken"/>
        <HasResources Value="True"/>
        <ResourceBaseClass Value="Form"/>
        <UnitName Value="Unit8"/>
        <EditorIndex Value="-1"/>
        <TopLine Value="73"/>
        <CursorPos X="22" Y="75"/>
        <UsageCount Value="208"/>
      </Unit8>
      <Unit9>
        <Filename Value="unit9.pas"/>
        <IsPartOfProject Value="True"/>
        <ComponentName Value="StandaardBestelschema"/>
        <HasResources Value="True"/>
        <ResourceBaseClass Value="Form"/>
        <UnitName Value="Unit9"/>
        <EditorIndex Value="-1"/>
        <TopLine Value="61"/>
        <CursorPos X="16" Y="63"/>
        <UsageCount Value="200"/>
      </Unit9>
      <Unit10>
        <Filename Value="unit10.pas"/>
        <IsPartOfProject Value="True"/>
        <ComponentName Value="Bestelschema"/>
        <HasResources Value="True"/>
        <ResourceBaseClass Value="Form"/>
        <UnitName Value="Unit10"/>
        <EditorIndex Value="-1"/>
        <TopLine Value="153"/>
        <CursorPos X="15" Y="174"/>
        <UsageCount Value="200"/>
      </Unit10>
      <Unit11>
        <Filename Value="unit11.pas"/>
        <IsPartOfProject Value="True"/>
        <ComponentName Value="ArtikelBestand"/>
        <HasResources Value="True"/>
        <ResourceBaseClass Value="Form"/>
        <UnitName Value="Unit11"/>
        <EditorIndex Value="-1"/>
        <TopLine Value="187"/>
        <CursorPos X="66" Y="201"/>
        <UsageCount Value="200"/>
      </Unit11>
      <Unit12>
        <Filename Value="unit12.pas"/>
        <IsPartOfProject Value="True"/>
        <ComponentName Value="ZoekArtikel"/>
        <HasResources Value="True"/>
        <ResourceBaseClass Value="Form"/>
        <UnitName Value="Unit12"/>
        <EditorIndex Value="-1"/>
        <TopLine Value="63"/>
        <CursorPos X="14" Y="65"/>
        <UsageCount Value="200"/>
      </Unit12>
      <Unit13>
        <Filename Value="unit13.pas"/>
        <IsPartOfProject Value="True"/>
        <ComponentName Value="ArtikelOmzet"/>
        <HasResources Value="True"/>
        <ResourceBaseClass Value="Form"/>
        <UnitName Value="Unit13"/>
        <EditorIndex Value="-1"/>
        <TopLine Value="179"/>
        <CursorPos X="26" Y="181"/>
        <UsageCount Value="205"/>
      </Unit13>
      <Unit14>
        <Filename Value="unit14.pas"/>
        <IsPartOfProject Value="True"/>
        <ComponentName Value="Scripts"/>
        <HasResources Value="True"/>
        <ResourceBaseClass Value="Form"/>
        <UnitName Value="Unit14"/>
        <EditorIndex Value="-1"/>
        <TopLine Value="48"/>
        <CursorPos X="10" Y="69"/>
        <UsageCount Value="201"/>
      </Unit14>
      <Unit15>
        <Filename Value="baklijstunit.pas"/>
        <IsPartOfProject Value="True"/>
        <ComponentName Value="Form1"/>
        <HasResources Value="True"/>
        <ResourceBaseClass Value="Form"/>
        <UnitName Value="BaklijstUnit"/>
        <EditorIndex Value="-1"/>
        <TopLine Value="51"/>
        <CursorPos X="11" Y="72"/>
        <UsageCount Value="401"/>
      </Unit15>
      <Unit16>
        <Filename Value="baklijstsnelunit.pas"/>
        <IsPartOfProject Value="True"/>
        <ComponentName Value="frmBaklijstBroodjes"/>
        <HasResources Value="True"/>
        <ResourceBaseClass Value="Form"/>
        <EditorIndex Value="-1"/>
        <CursorPos X="65" Y="9"/>
        <UsageCount Value="375"/>
      </Unit16>
      <Unit17>
        <Filename Value="C:\usr\share\lazarus\1.0\components\rtticontrols\rttictrls.pas"/>
        <UnitName Value="RTTICtrls"/>
        <TopLine Value="4082"/>
        <CursorPos Y="4096"/>
        <UsageCount Value="336"/>
      </Unit17>
      <Unit18>
        <Filename Value="baklijstvolgordeunit.pas"/>
        <IsPartOfProject Value="True"/>
        <ComponentName Value="Baklijstvolgordeform"/>
        <HasResources Value="True"/>
        <ResourceBaseClass Value="Form"/>
        <EditorIndex Value="-1"/>
        <TopLine Value="26"/>
        <CursorPos X="21" Y="47"/>
        <UsageCount Value="365"/>
      </Unit18>
      <Unit19>
        <Filename Value="multiplierunit.pas"/>
        <IsPartOfProject Value="True"/>
        <ComponentName Value="FormMultiplier"/>
        <HasResources Value="True"/>
        <ResourceBaseClass Value="Form"/>
        <EditorIndex Value="-1"/>
        <CursorPos X="24" Y="9"/>
        <UsageCount Value="327"/>
      </Unit19>
      <Unit20>
        <Filename Value="reclameaanpassendlg.pas"/>
        <IsPartOfProject Value="True"/>
        <ComponentName Value="FormReclameDlg"/>
        <HasResources Value="True"/>
        <ResourceBaseClass Value="Form"/>
        <EditorIndex Value="-1"/>
        <CursorPos X="69" Y="8"/>
        <UsageCount Value="324"/>
      </Unit20>
      <Unit21>
        <Filename Value="aktielijst.pas"/>
        <ComponentName Value="FormAktielijst"/>
        <HasResources Value="True"/>
        <ResourceBaseClass Value="Form"/>
        <CursorPos X="15" Y="5"/>
        <UsageCount Value="201"/>
      </Unit21>
      <Unit22>
        <Filename Value="aktielijstunit.pas"/>
        <IsPartOfProject Value="True"/>
        <ComponentName Value="FormAktielijst"/>
        <HasResources Value="True"/>
        <ResourceBaseClass Value="Form"/>
        <EditorIndex Value="-1"/>
        <TopLine Value="58"/>
        <CursorPos X="91" Y="64"/>
        <UsageCount Value="361"/>
      </Unit22>
      <Unit23>
        <Filename Value="gebruikersunit.pas"/>
        <IsPartOfProject Value="True"/>
        <ComponentName Value="GebruikersForm"/>
        <HasResources Value="True"/>
        <ResourceBaseClass Value="Form"/>
        <EditorIndex Value="-1"/>
        <TopLine Value="28"/>
        <CursorPos X="20" Y="43"/>
        <UsageCount Value="96"/>
      </Unit23>
      <Unit24>
        <Filename Value="C:\lazarus\components\onlinepackagemanager\Rx\rxtools\rxdateutil.pas"/>
        <EditorIndex Value="-1"/>
        <TopLine Value="88"/>
        <CursorPos X="25" Y="116"/>
        <UsageCount Value="5"/>
      </Unit24>
      <Unit25>
        <Filename Value="C:\lazarus\components\zeosdbo-7.2.4-stable\src\component\ZAbstractConnection.pas"/>
        <EditorIndex Value="-1"/>
        <TopLine Value="855"/>
        <CursorPos Y="878"/>
        <UsageCount Value="8"/>
        <DefaultSyntaxHighlighter Value="Delphi"/>
      </Unit25>
      <Unit26>
        <Filename Value="C:\lazarus\components\zeosdbo-7.2.4-stable\src\core\ZURL.pas"/>
        <EditorIndex Value="-1"/>
        <TopLine Value="229"/>
        <CursorPos Y="245"/>
        <UsageCount Value="8"/>
      </Unit26>
      <Unit27>
        <Filename Value="feestdagenunit.pas"/>
        <IsPartOfProject Value="True"/>
        <ComponentName Value="Feestdagenform"/>
        <HasResources Value="True"/>
        <ResourceBaseClass Value="Form"/>
        <IsVisibleTab Value="True"/>
        <EditorIndex Value="1"/>
        <TopLine Value="74"/>
        <CursorPos X="9" Y="88"/>
        <UsageCount Value="46"/>
        <Loaded Value="True"/>
        <LoadedDesigner Value="True"/>
      </Unit27>
    </Units>
    <JumpHistory Count="30" HistoryIndex="29">
      <Position1>
        <Filename Value="unit2.pas"/>
        <Caret Line="293" Column="3" TopLine="291"/>
      </Position1>
      <Position2>
        <Filename Value="feestdagenunit.pas"/>
        <Caret Line="30" Column="44" TopLine="30"/>
      </Position2>
      <Position3>
        <Filename Value="feestdagenunit.pas"/>
        <Caret Line="50" Column="4" TopLine="29"/>
      </Position3>
      <Position4>
        <Filename Value="feestdagenunit.pas"/>
        <Caret Line="9" Column="57"/>
      </Position4>
      <Position5>
        <Filename Value="feestdagenunit.pas"/>
        <Caret Line="52" Column="38" TopLine="36"/>
      </Position5>
      <Position6>
        <Filename Value="feestdagenunit.pas"/>
        <Caret Line="54" Column="38" TopLine="38"/>
      </Position6>
      <Position7>
        <Filename Value="feestdagenunit.pas"/>
        <Caret Line="61" Column="38" TopLine="40"/>
      </Position7>
      <Position8>
        <Filename Value="feestdagenunit.pas"/>
        <Caret Line="54" Column="7" TopLine="46"/>
      </Position8>
      <Position9>
        <Filename Value="feestdagenunit.pas"/>
        <Caret Line="64" Column="9" TopLine="47"/>
      </Position9>
      <Position10>
        <Filename Value="feestdagenunit.pas"/>
        <Caret Line="57" TopLine="53"/>
      </Position10>
      <Position11>
        <Filename Value="unit2.pas"/>
        <Caret Line="294" Column="3" TopLine="292"/>
      </Position11>
      <Position12>
        <Filename Value="unit2.pas"/>
        <Caret Line="295" Column="3" TopLine="293"/>
      </Position12>
      <Position13>
        <Filename Value="unit2.pas"/>
        <Caret Line="296" Column="3" TopLine="294"/>
      </Position13>
      <Position14>
        <Filename Value="unit2.pas"/>
        <Caret Line="297" Column="3" TopLine="295"/>
      </Position14>
      <Position15>
        <Filename Value="unit2.pas"/>
        <Caret Line="298" Column="3" TopLine="296"/>
      </Position15>
      <Position16>
        <Filename Value="unit2.pas"/>
        <Caret Line="299" Column="3" TopLine="297"/>
      </Position16>
      <Position17>
        <Filename Value="unit2.pas"/>
        <Caret Line="300" Column="3" TopLine="298"/>
      </Position17>
      <Position18>
        <Filename Value="unit2.pas"/>
        <Caret Line="301" Column="3" TopLine="299"/>
      </Position18>
      <Position19>
        <Filename Value="unit2.pas"/>
        <Caret Line="302" Column="3" TopLine="300"/>
      </Position19>
      <Position20>
        <Filename Value="unit2.pas"/>
        <Caret Line="303" Column="3" TopLine="301"/>
      </Position20>
      <Position21>
        <Filename Value="unit2.pas"/>
        <Caret Line="304" Column="3" TopLine="302"/>
      </Position21>
      <Position22>
        <Filename Value="unit2.pas"/>
        <Caret Line="306" Column="3" TopLine="304"/>
      </Position22>
      <Position23>
        <Filename Value="feestdagenunit.pas"/>
        <Caret Line="63" Column="54" TopLine="41"/>
      </Position23>
      <Position24>
        <Filename Value="feestdagenunit.pas"/>
        <Caret Line="83" Column="115" TopLine="56"/>
      </Position24>
      <Position25>
        <Filename Value="feestdagenunit.pas"/>
        <Caret Line="87" Column="53" TopLine="63"/>
      </Position25>
      <Position26>
        <Filename Value="feestdagenunit.pas"/>
        <Caret Line="88" Column="53" TopLine="64"/>
      </Position26>
      <Position27>
        <Filename Value="feestdagenunit.pas"/>
        <Caret Line="89" Column="53" TopLine="65"/>
      </Position27>
      <Position28>
        <Filename Value="feestdagenunit.pas"/>
        <Caret Line="96" Column="53" TopLine="72"/>
      </Position28>
      <Position29>
        <Filename Value="feestdagenunit.pas"/>
        <Caret Line="62" Column="3" TopLine="60"/>
      </Position29>
      <Position30>
        <Filename Value="feestdagenunit.pas"/>
        <Caret Line="96" TopLine="70"/>
      </Position30>
    </JumpHistory>
  </ProjectOptions>
  <CompilerOptions>
    <Version Value="11"/>
    <PathDelim Value="\"/>
    <Target>
      <Filename Value="bestelboek1"/>
    </Target>
    <Parsing>
      <SyntaxOptions>
        <CStyleOperator Value="False"/>
        <UseAnsiStrings Value="False"/>
      </SyntaxOptions>
    </Parsing>
    <CodeGeneration>
      <SmartLinkUnit Value="True"/>
      <Optimizations>
        <OptimizationLevel Value="3"/>
      </Optimizations>
    </CodeGeneration>
    <Linking>
      <LinkSmart Value="True"/>
      <Options>
        <Win32>
          <GraphicApplication Value="True"/>
        </Win32>
      </Options>
    </Linking>
    <Other>
      <Verbosity>
        <ShowDebugInfo Value="True"/>
      </Verbosity>
    </Other>
  </CompilerOptions>
  <Debugging>
    <BreakPoints Count="1">
      <Item1>
        <Kind Value="bpkData"/>
        <WatchData Value="edit.text"/>
        <WatchScope Value="wpsGlobal"/>
        <WatchKind Value="wpkWrite"/>
        <InitialEnabled Value="False"/>
      </Item1>
    </BreakPoints>
    <Watches Count="3">
      <Item2 ClassAutoCast="True">
        <Expression Value="zconnection.hostname"/>
        <DisplayStyle Value="wdfStructure"/>
      </Item2>
      <Item3 ClassAutoCast="True">
        <Expression Value="zconnection.Database"/>
      </Item3>
    </Watches>
    <Exceptions Count="2">
      <Item1>
        <Name Value="ECodetoolError"/>
      </Item1>
      <Item2>
        <Name Value="EFOpenError"/>
      </Item2>
    </Exceptions>
  </Debugging>
</CONFIG>
